
Microsoft Visual Studio Solution File, Format Version 12.00
# Visual Studio 15
VisualStudioVersion = 15.0.28307.1062
MinimumVisualStudioVersion = 10.0.40219.1
Project("{FAE04EC0-301F-11D3-BF4B-00C04F79EFBC}") = "nearClip", "nearClip\nearClip.csproj", "{B6CA0E18-9DF6-4CFD-ABFF-F64E176293C1}"
EndProject
Global
	GlobalSection(SolutionConfigurationPlatforms) = preSolution
		Debug|Any CPU = Debug|Any CPU
		Release|Any CPU = Release|Any CPU
	EndGlobalSection
	GlobalSection(ProjectConfigurationPlatforms) = postSolution
		{B6CA0E18-9DF6-4CFD-ABFF-F64E176293C1}.Debug|Any CPU.ActiveCfg = Debug|Any CPU
		{B6CA0E18-9DF6-4CFD-ABFF-F64E176293C1}.Debug|Any CPU.Build.0 = Debug|Any CPU
		{B6CA0E18-9DF6-4CFD-ABFF-F64E176293C1}.Release|Any CPU.ActiveCfg = Release|Any CPU
		{B6CA0E18-9DF6-4CFD-ABFF-F64E176293C1}.Release|Any CPU.Build.0 = Release|Any CPU
	EndGlobalSection
	GlobalSection(SolutionProperties) = preSolution
		HideSolutionNode = FALSE
	EndGlobalSection
	GlobalSection(ExtensibilityGlobals) = postSolution
		SolutionGuid = {5B31FB6F-C8AD-45FF-B184-0E76852C95E4}
	EndGlobalSection
EndGlobal
